
Microsoft Visual Studio Solution File, Format Version 12.00
# Visual Studio 15
VisualStudioVersion = 15.0.28307.168
MinimumVisualStudioVersion = 10.0.40219.1
Project("{FAE04EC0-301F-11D3-BF4B-00C04F79EFBC}") = "interfacelibrary", "interfacelibrary\interfacelibrary.csproj", "{CFB78DD0-DEB8-42C1-A620-521D8AAEDFB1}"
EndProject
Project("{FAE04EC0-301F-11D3-BF4B-00C04F79EFBC}") = "interfaceclass", "interfaceclass\interfaceclass.csproj", "{5303A0E6-DAE0-42E8-8855-E9B2E118D00C}"
EndProject
Project("{FAE04EC0-301F-11D3-BF4B-00C04F79EFBC}") = "interfacemain", "interfacemain\interfacemain.csproj", "{DAB5F88C-A014-4074-A569-E802B49E6484}"
EndProject
Global
	GlobalSection(SolutionConfigurationPlatforms) = preSolution
		Debug|Any CPU = Debug|Any CPU
		Release|Any CPU = Release|Any CPU
	EndGlobalSection
	GlobalSection(ProjectConfigurationPlatforms) = postSolution
		{CFB78DD0-DEB8-42C1-A620-521D8AAEDFB1}.Debug|Any CPU.ActiveCfg = Debug|Any CPU
		{CFB78DD0-DEB8-42C1-A620-521D8AAEDFB1}.Debug|Any CPU.Build.0 = Debug|Any CPU
		{CFB78DD0-DEB8-42C1-A620-521D8AAEDFB1}.Release|Any CPU.ActiveCfg = Release|Any CPU
		{CFB78DD0-DEB8-42C1-A620-521D8AAEDFB1}.Release|Any CPU.Build.0 = Release|Any CPU
		{5303A0E6-DAE0-42E8-8855-E9B2E118D00C}.Debug|Any CPU.ActiveCfg = Debug|Any CPU
		{5303A0E6-DAE0-42E8-8855-E9B2E118D00C}.Debug|Any CPU.Build.0 = Debug|Any CPU
		{5303A0E6-DAE0-42E8-8855-E9B2E118D00C}.Release|Any CPU.ActiveCfg = Release|Any CPU
		{5303A0E6-DAE0-42E8-8855-E9B2E118D00C}.Release|Any CPU.Build.0 = Release|Any CPU
		{DAB5F88C-A014-4074-A569-E802B49E6484}.Debug|Any CPU.ActiveCfg = Debug|Any CPU
		{DAB5F88C-A014-4074-A569-E802B49E6484}.Debug|Any CPU.Build.0 = Debug|Any CPU
		{DAB5F88C-A014-4074-A569-E802B49E6484}.Release|Any CPU.ActiveCfg = Release|Any CPU
		{DAB5F88C-A014-4074-A569-E802B49E6484}.Release|Any CPU.Build.0 = Release|Any CPU
	EndGlobalSection
	GlobalSection(SolutionProperties) = preSolution
		HideSolutionNode = FALSE
	EndGlobalSection
	GlobalSection(ExtensibilityGlobals) = postSolution
		SolutionGuid = {D0169580-3836-4561-8F2E-26C7889F5A47}
	EndGlobalSection
EndGlobal
